{
  "name": "webnwb-tutorial",
  "lockfileVersion": 2,
  "requires": true,
  "packages": {
    "": {
      "name": "webnwb-tutorial",
      "dependencies": {
        "esconform": "^0.0.3",
        "h5wasm": "^0.4.9",
        "hdf5-io": "^0.0.9",
        "yaml": "^2.2.1"
      }
    },
    "../../tinybuild": {
      "version": "0.3.192",
      "extraneous": true,
      "license": "AGPL-3.0-or-later",
      "dependencies": {
        "chokidar": "~3.5.3",
        "esbuild": "~0.14.49",
        "ws": "^8.5.0"
      },
      "bin": {
        "tinybuild": "tinybuild/bin/global.js"
      },
      "peerDependencies": {
        "typescript": "~4.6.4"
      }
    },
    "node_modules/esconform": {
      "version": "0.0.3",
      "resolved": "https://registry.npmjs.org/esconform/-/esconform-0.0.3.tgz",
      "integrity": "sha512-EQ1tRv8Mys8k/pkSGFUcaEgwDsUy6Ql4t1xz+gw6bwnIfePooDjFHcmYTkBjXB0uSiTsWDRpsXB+5oCRym24vQ=="
    },
    "node_modules/h5wasm": {
      "version": "0.4.9",
      "resolved": "https://registry.npmjs.org/h5wasm/-/h5wasm-0.4.9.tgz",
      "integrity": "sha512-DCrhtmKrha6spFF7HMTqqGzlJKd7sRqmare1R54R1O4KxbKrAWIwShc8r0EjqhNX9/2wmt+Zx0snjzUD+FaV2Q=="
    },
    "node_modules/hdf5-io": {
      "version": "0.0.9",
      "resolved": "https://registry.npmjs.org/hdf5-io/-/hdf5-io-0.0.9.tgz",
      "integrity": "sha512-VxUhdI3l+a/oHJsIp17of+9JfxW6dB9kkVo1JzClQfUUEgx8e/TFL4vTup8Ge2oRSYLLK1rtFEfPzl28ENqK4g=="
    },
    "node_modules/yaml": {
      "version": "2.2.1",
      "resolved": "https://registry.npmjs.org/yaml/-/yaml-2.2.1.tgz",
      "integrity": "sha512-e0WHiYql7+9wr4cWMx3TVQrNwejKaEe7/rHNmQmqRjazfOP5W8PB6Jpebb5o6fIapbz9o9+2ipcaTM2ZwDI6lw==",
      "engines": {
        "node": ">= 14"
      }
    }
  },
  "dependencies": {
    "esconform": {
      "version": "0.0.3",
      "resolved": "https://registry.npmjs.org/esconform/-/esconform-0.0.3.tgz",
      "integrity": "sha512-EQ1tRv8Mys8k/pkSGFUcaEgwDsUy6Ql4t1xz+gw6bwnIfePooDjFHcmYTkBjXB0uSiTsWDRpsXB+5oCRym24vQ=="
    },
    "h5wasm": {
      "version": "0.4.9",
      "resolved": "https://registry.npmjs.org/h5wasm/-/h5wasm-0.4.9.tgz",
      "integrity": "sha512-DCrhtmKrha6spFF7HMTqqGzlJKd7sRqmare1R54R1O4KxbKrAWIwShc8r0EjqhNX9/2wmt+Zx0snjzUD+FaV2Q=="
    },
    "hdf5-io": {
      "version": "0.0.9",
      "resolved": "https://registry.npmjs.org/hdf5-io/-/hdf5-io-0.0.9.tgz",
      "integrity": "sha512-VxUhdI3l+a/oHJsIp17of+9JfxW6dB9kkVo1JzClQfUUEgx8e/TFL4vTup8Ge2oRSYLLK1rtFEfPzl28ENqK4g=="
    },
    "yaml": {
      "version": "2.2.1",
      "resolved": "https://registry.npmjs.org/yaml/-/yaml-2.2.1.tgz",
      "integrity": "sha512-e0WHiYql7+9wr4cWMx3TVQrNwejKaEe7/rHNmQmqRjazfOP5W8PB6Jpebb5o6fIapbz9o9+2ipcaTM2ZwDI6lw=="
    }
  }
}
